
Microsoft Visual Studio Solution File, Format Version 12.00
# Visual Studio Version 17
VisualStudioVersion = 17.12.35527.113 d17.12
MinimumVisualStudioVersion = 10.0.40219.1
Project("{FAE04EC0-301F-11D3-BF4B-00C04F79EFBC}") = "KB14873_IgbDataChart_MouseLeftButtonDown", "KB14873_IgbDataChart_MouseLeftButtonDown.csproj", "{8E6B0037-D462-471C-88FF-9C9FA5A8885F}"
EndProject
Global
	GlobalSection(SolutionConfigurationPlatforms) = preSolution
		Debug|Any CPU = Debug|Any CPU
		Release|Any CPU = Release|Any CPU
	EndGlobalSection
	GlobalSection(ProjectConfigurationPlatforms) = postSolution
		{8E6B0037-D462-471C-88FF-9C9FA5A8885F}.Debug|Any CPU.ActiveCfg = Debug|Any CPU
		{8E6B0037-D462-471C-88FF-9C9FA5A8885F}.Debug|Any CPU.Build.0 = Debug|Any CPU
		{8E6B0037-D462-471C-88FF-9C9FA5A8885F}.Release|Any CPU.ActiveCfg = Release|Any CPU
		{8E6B0037-D462-471C-88FF-9C9FA5A8885F}.Release|Any CPU.Build.0 = Release|Any CPU
	EndGlobalSection
	GlobalSection(SolutionProperties) = preSolution
		HideSolutionNode = FALSE
	EndGlobalSection
EndGlobal
